{
  "name": "mq-bridge-meilisearch",
  "version": "0.1.1",
  "lockfileVersion": 3,
  "requires": true,
  "packages": {
    "": {
      "name": "mq-bridge-meilisearch",
      "version": "0.1.1",
      "license": "MIT OR Apache-2.0",
      "devDependencies": {
        "mq-bridge": "0.4.11"
      },
      "engines": {
        "node": ">=18"
      },
      "peerDependencies": {
        "mq-bridge": ">=0.4.11 <0.5.0"
      }
    },
    "node_modules/mq-bridge": {
      "version": "0.4.11",
      "resolved": "https://registry.npmjs.org/mq-bridge/-/mq-bridge-0.4.11.tgz",
      "integrity": "sha512-jTWDvvn8P39+7ASOzd5xnaRC/Smwm3TdZl/fNmt+ndinjxwMNh2iAoTWE+Q20TdiaYwJFe6rHW5c+IUIYz2VZA==",
      "dev": true,
      "license": "MIT",
      "bin": {
        "mq-bridge-package-plugin": "plugin-packaging.mjs"
      },
      "engines": {
        "node": ">=18"
      },
      "optionalDependencies": {
        "mq-bridge-darwin-arm64": "0.4.11",
        "mq-bridge-darwin-x64": "0.4.11",
        "mq-bridge-linux-arm64-gnu": "0.4.11",
        "mq-bridge-linux-x64-gnu": "0.4.11",
        "mq-bridge-win32-x64-msvc": "0.4.11"
      }
    },
    "node_modules/mq-bridge-darwin-arm64": {
      "version": "0.4.11",
      "resolved": "https://registry.npmjs.org/mq-bridge-darwin-arm64/-/mq-bridge-darwin-arm64-0.4.11.tgz",
      "integrity": "sha512-eZKALIQFps9X+E67tt6lyhErBqpCqPau29N7CjyKl7lIssQApiOGdLieOkpnegR1wUc/F3Pw/x/Gb6dvzj4Fvg==",
      "cpu": [
        "arm64"
      ],
      "dev": true,
      "license": "MIT",
      "optional": true,
      "os": [
        "darwin"
      ],
      "engines": {
        "node": ">=18"
      }
    },
    "node_modules/mq-bridge-darwin-x64": {
      "version": "0.4.11",
      "resolved": "https://registry.npmjs.org/mq-bridge-darwin-x64/-/mq-bridge-darwin-x64-0.4.11.tgz",
      "integrity": "sha512-9oOnx1LwoA2QYIs+DXonNYYfSFy37gQjPLEkwKfwZEoJphQTOuZbvfsT+WnYjk6TcC53J5DkLejym+D99VsPoQ==",
      "cpu": [
        "x64"
      ],
      "dev": true,
      "license": "MIT",
      "optional": true,
      "os": [
        "darwin"
      ],
      "engines": {
        "node": ">=18"
      }
    },
    "node_modules/mq-bridge-linux-arm64-gnu": {
      "version": "0.4.11",
      "resolved": "https://registry.npmjs.org/mq-bridge-linux-arm64-gnu/-/mq-bridge-linux-arm64-gnu-0.4.11.tgz",
      "integrity": "sha512-JeQf5Bwfbt4wQjqufE/HZRuXr0AFpMUfQiitSGD4aVGtVGU4RpKZmw++e4t1b4HnQ34QqBmDAS2HwJaxZz9xIQ==",
      "cpu": [
        "arm64"
      ],
      "dev": true,
      "libc": [
        "glibc"
      ],
      "license": "MIT",
      "optional": true,
      "os": [
        "linux"
      ],
      "engines": {
        "node": ">=18"
      }
    },
    "node_modules/mq-bridge-linux-x64-gnu": {
      "version": "0.4.11",
      "resolved": "https://registry.npmjs.org/mq-bridge-linux-x64-gnu/-/mq-bridge-linux-x64-gnu-0.4.11.tgz",
      "integrity": "sha512-mYFqU6MMooJkbnOO0AG5S0I3ENnfuiYNu3DfG2x7vSifTu7OWtrGG744uGOV8MU2uE6gD/opD7T0wE+pUsY6LA==",
      "cpu": [
        "x64"
      ],
      "dev": true,
      "libc": [
        "glibc"
      ],
      "license": "MIT",
      "optional": true,
      "os": [
        "linux"
      ],
      "engines": {
        "node": ">=18"
      }
    },
    "node_modules/mq-bridge-win32-x64-msvc": {
      "version": "0.4.11",
      "resolved": "https://registry.npmjs.org/mq-bridge-win32-x64-msvc/-/mq-bridge-win32-x64-msvc-0.4.11.tgz",
      "integrity": "sha512-+nXXad60x6O2M9+eo0h0NmPEkpnR1DgKWNMUsVjriS9qvJtrTvGNPOHXyR8vE/i4Qd254HC3wBQST6hLFVAAVQ==",
      "cpu": [
        "x64"
      ],
      "dev": true,
      "license": "MIT",
      "optional": true,
      "os": [
        "win32"
      ],
      "engines": {
        "node": ">=18"
      }
    }
  }
}
